// !$*UTF8*$!
{
	archiveVersion = 1;
	classes = {
	};
	objectVersion = 56;
	objects = {

/* Begin PBXBuildFile section */
		FB9BC9902A496D2600CDCFE1 /* FruitNutrientsView.swift in Sources */ = {isa = PBXBuildFile; fileRef = FB9BC98F2A496D2500CDCFE1 /* FruitNutrientsView.swift */; };
		FB9BC9922A497BCE00CDCFE1 /* SettingsRowView.swift in Sources */ = {isa = PBXBuildFile; fileRef = FB9BC9912A497BCE00CDCFE1 /* SettingsRowView.swift */; };
		FB9BC9942A497BF300CDCFE1 /* SettingsLabelView.swift in Sources */ = {isa = PBXBuildFile; fileRef = FB9BC9932A497BF300CDCFE1 /* SettingsLabelView.swift */; };
		FB9BC9962A497C1300CDCFE1 /* SettingsView.swift in Sources */ = {isa = PBXBuildFile; fileRef = FB9BC9952A497C1300CDCFE1 /* SettingsView.swift */; };
		FBAB6D3C2A44374300C851EE /* StartButtonView.swift in Sources */ = {isa = PBXBuildFile; fileRef = FBAB6D3B2A44374300C851EE /* StartButtonView.swift */; };
		FBAB6D3E2A443C4700C851EE /* OnboardingView.swift in Sources */ = {isa = PBXBuildFile; fileRef = FBAB6D3D2A443C4700C851EE /* OnboardingView.swift */; };
		FBAB6D412A4441D700C851EE /* FruitModel.swift in Sources */ = {isa = PBXBuildFile; fileRef = FBAB6D402A4441D700C851EE /* FruitModel.swift */; };
		FBAB6D442A44422D00C851EE /* FruitsData.swift in Sources */ = {isa = PBXBuildFile; fileRef = FBAB6D432A44422D00C851EE /* FruitsData.swift */; };
		FBAB6D462A44844900C851EE /* FruitRowView.swift in Sources */ = {isa = PBXBuildFile; fileRef = FBAB6D452A44844900C851EE /* FruitRowView.swift */; };
		FBAB6D482A4487A500C851EE /* FruitDetailView.swift in Sources */ = {isa = PBXBuildFile; fileRef = FBAB6D472A4487A500C851EE /* FruitDetailView.swift */; };
		FBAB6D4A2A448BB700C851EE /* FruitHeaderView.swift in Sources */ = {isa = PBXBuildFile; fileRef = FBAB6D492A448BB700C851EE /* FruitHeaderView.swift */; };
		FBAB6D4C2A448D0500C851EE /* SourceLinkView.swift in Sources */ = {isa = PBXBuildFile; fileRef = FBAB6D4B2A448D0500C851EE /* SourceLinkView.swift */; };
		FBB62AAB2A43F00100F1A395 /* FructusSwiftUIApp.swift in Sources */ = {isa = PBXBuildFile; fileRef = FBB62AAA2A43F00100F1A395 /* FructusSwiftUIApp.swift */; };
		FBB62AAD2A43F00100F1A395 /* ContentView.swift in Sources */ = {isa = PBXBuildFile; fileRef = FBB62AAC2A43F00100F1A395 /* ContentView.swift */; };
		FBB62AAF2A43F00300F1A395 /* Assets.xcassets in Resources */ = {isa = PBXBuildFile; fileRef = FBB62AAE2A43F00300F1A395 /* Assets.xcassets */; };
		FBB62AB22A43F00300F1A395 /* Preview Assets.xcassets in Resources */ = {isa = PBXBuildFile; fileRef = FBB62AB12A43F00300F1A395 /* Preview Assets.xcassets */; };
		FBB62ABB2A44037900F1A395 /* FruitCardView.swift in Sources */ = {isa = PBXBuildFile; fileRef = FBB62ABA2A44037900F1A395 /* FruitCardView.swift */; };
/* End PBXBuildFile section */

/* Begin PBXFileReference section */
		FB9BC98F2A496D2500CDCFE1 /* FruitNutrientsView.swift */ = {isa = PBXFileReference; lastKnownFileType = sourcecode.swift; path = FruitNutrientsView.swift; sourceTree = "<group>"; };
		FB9BC9912A497BCE00CDCFE1 /* SettingsRowView.swift */ = {isa = PBXFileReference; lastKnownFileType = sourcecode.swift; path = SettingsRowView.swift; sourceTree = "<group>"; };
		FB9BC9932A497BF300CDCFE1 /* SettingsLabelView.swift */ = {isa = PBXFileReference; lastKnownFileType = sourcecode.swift; path = SettingsLabelView.swift; sourceTree = "<group>"; };
		FB9BC9952A497C1300CDCFE1 /* SettingsView.swift */ = {isa = PBXFileReference; lastKnownFileType = sourcecode.swift; path = SettingsView.swift; sourceTree = "<group>"; };
		FBAB6D3B2A44374300C851EE /* StartButtonView.swift */ = {isa = PBXFileReference; lastKnownFileType = sourcecode.swift; path = StartButtonView.swift; sourceTree = "<group>"; };
		FBAB6D3D2A443C4700C851EE /* OnboardingView.swift */ = {isa = PBXFileReference; lastKnownFileType = sourcecode.swift; path = OnboardingView.swift; sourceTree = "<group>"; };
		FBAB6D402A4441D700C851EE /* FruitModel.swift */ = {isa = PBXFileReference; lastKnownFileType = sourcecode.swift; path = FruitModel.swift; sourceTree = "<group>"; };
		FBAB6D432A44422D00C851EE /* FruitsData.swift */ = {isa = PBXFileReference; lastKnownFileType = sourcecode.swift; path = FruitsData.swift; sourceTree = "<group>"; };
		FBAB6D452A44844900C851EE /* FruitRowView.swift */ = {isa = PBXFileReference; lastKnownFileType = sourcecode.swift; path = FruitRowView.swift; sourceTree = "<group>"; };
		FBAB6D472A4487A500C851EE /* FruitDetailView.swift */ = {isa = PBXFileReference; lastKnownFileType = sourcecode.swift; path = FruitDetailView.swift; sourceTree = "<group>"; };
		FBAB6D492A448BB700C851EE /* FruitHeaderView.swift */ = {isa = PBXFileReference; lastKnownFileType = sourcecode.swift; path = FruitHeaderView.swift; sourceTree = "<group>"; };
		FBAB6D4B2A448D0500C851EE /* SourceLinkView.swift */ = {isa = PBXFileReference; lastKnownFileType = sourcecode.swift; path = SourceLinkView.swift; sourceTree = "<group>"; };
		FBB62AA72A43F00100F1A395 /* FructusSwiftUI.app */ = {isa = PBXFileReference; explicitFileType = wrapper.application; includeInIndex = 0; path = FructusSwiftUI.app; sourceTree = BUILT_PRODUCTS_DIR; };
		FBB62AAA2A43F00100F1A395 /* FructusSwiftUIApp.swift */ = {isa = PBXFileReference; lastKnownFileType = sourcecode.swift; path = FructusSwiftUIApp.swift; sourceTree = "<group>"; };
		FBB62AAC2A43F00100F1A395 /* ContentView.swift */ = {isa = PBXFileReference; lastKnownFileType = sourcecode.swift; path = ContentView.swift; sourceTree = "<group>"; };
		FBB62AAE2A43F00300F1A395 /* Assets.xcassets */ = {isa = PBXFileReference; lastKnownFileType = folder.assetcatalog; path = Assets.xcassets; sourceTree = "<group>"; };
		FBB62AB12A43F00300F1A395 /* Preview Assets.xcassets */ = {isa = PBXFileReference; lastKnownFileType = folder.assetcatalog; path = "Preview Assets.xcassets"; sourceTree = "<group>"; };
		FBB62ABA2A44037900F1A395 /* FruitCardView.swift */ = {isa = PBXFileReference; lastKnownFileType = sourcecode.swift; path = FruitCardView.swift; sourceTree = "<group>"; };
/* End PBXFileReference section */

/* Begin PBXFrameworksBuildPhase section */
		FBB62AA42A43F00100F1A395 /* Frameworks */ = {
			isa = PBXFrameworksBuildPhase;
			buildActionMask = 2147483647;
			files = (
			);
			runOnlyForDeploymentPostprocessing = 0;
		};
/* End PBXFrameworksBuildPhase section */

/* Begin PBXGroup section */
		FBAB6D3F2A4441BD00C851EE /* Model */ = {
			isa = PBXGroup;
			children = (
				FBAB6D402A4441D700C851EE /* FruitModel.swift */,
			);
			path = Model;
			sourceTree = "<group>";
		};
		FBAB6D422A44421C00C851EE /* Data */ = {
			isa = PBXGroup;
			children = (
				FBAB6D432A44422D00C851EE /* FruitsData.swift */,
			);
			path = Data;
			sourceTree = "<group>";
		};
		FBB62A9E2A43F00100F1A395 = {
			isa = PBXGroup;
			children = (
				FBB62AA92A43F00100F1A395 /* FructusSwiftUI */,
				FBB62AA82A43F00100F1A395 /* Products */,
			);
			sourceTree = "<group>";
		};
		FBB62AA82A43F00100F1A395 /* Products */ = {
			isa = PBXGroup;
			children = (
				FBB62AA72A43F00100F1A395 /* FructusSwiftUI.app */,
			);
			name = Products;
			sourceTree = "<group>";
		};
		FBB62AA92A43F00100F1A395 /* FructusSwiftUI */ = {
			isa = PBXGroup;
			children = (
				FBAB6D422A44421C00C851EE /* Data */,
				FBAB6D3F2A4441BD00C851EE /* Model */,
				FBB62AB92A44029300F1A395 /* App */,
				FBB62AB82A44028900F1A395 /* View */,
				FBB62AAE2A43F00300F1A395 /* Assets.xcassets */,
				FBB62AB02A43F00300F1A395 /* Preview Content */,
			);
			path = FructusSwiftUI;
			sourceTree = "<group>";
		};
		FBB62AB02A43F00300F1A395 /* Preview Content */ = {
			isa = PBXGroup;
			children = (
				FBB62AB12A43F00300F1A395 /* Preview Assets.xcassets */,
			);
			path = "Preview Content";
			sourceTree = "<group>";
		};
		FBB62AB82A44028900F1A395 /* View */ = {
			isa = PBXGroup;
			children = (
				FBB62ABA2A44037900F1A395 /* FruitCardView.swift */,
				FBAB6D3B2A44374300C851EE /* StartButtonView.swift */,
				FBAB6D452A44844900C851EE /* FruitRowView.swift */,
				FBAB6D492A448BB700C851EE /* FruitHeaderView.swift */,
				FBAB6D4B2A448D0500C851EE /* SourceLinkView.swift */,
				FB9BC98F2A496D2500CDCFE1 /* FruitNutrientsView.swift */,
				FB9BC9912A497BCE00CDCFE1 /* SettingsRowView.swift */,
				FB9BC9932A497BF300CDCFE1 /* SettingsLabelView.swift */,
			);
			path = View;
			sourceTree = "<group>";
		};
		FBB62AB92A44029300F1A395 /* App */ = {
			isa = PBXGroup;
			children = (
				FBB62AAA2A43F00100F1A395 /* FructusSwiftUIApp.swift */,
				FBB62AAC2A43F00100F1A395 /* ContentView.swift */,
				FBAB6D3D2A443C4700C851EE /* OnboardingView.swift */,
				FBAB6D472A4487A500C851EE /* FruitDetailView.swift */,
				FB9BC9952A497C1300CDCFE1 /* SettingsView.swift */,
			);
			path = App;
			sourceTree = "<group>";
		};
/* End PBXGroup section */

/* Begin PBXNativeTarget section */
		FBB62AA62A43F00100F1A395 /* FructusSwiftUI */ = {
			isa = PBXNativeTarget;
			buildConfigurationList = FBB62AB52A43F00300F1A395 /* Build configuration list for PBXNativeTarget "FructusSwiftUI" */;
			buildPhases = (
				FBB62AA32A43F00100F1A395 /* Sources */,
				FBB62AA42A43F00100F1A395 /* Frameworks */,
				FBB62AA52A43F00100F1A395 /* Resources */,
			);
			buildRules = (
			);
			dependencies = (
			);
			name = FructusSwiftUI;
			productName = FructusSwiftUI;
			productReference = FBB62AA72A43F00100F1A395 /* FructusSwiftUI.app */;
			productType = "com.apple.product-type.application";
		};
/* End PBXNativeTarget section */

/* Begin PBXProject section */
		FBB62A9F2A43F00100F1A395 /* Project object */ = {
			isa = PBXProject;
			attributes = {
				BuildIndependentTargetsInParallel = 1;
				LastSwiftUpdateCheck = 1430;
				LastUpgradeCheck = 1430;
				TargetAttributes = {
					FBB62AA62A43F00100F1A395 = {
						CreatedOnToolsVersion = 14.3;
					};
				};
			};
			buildConfigurationList = FBB62AA22A43F00100F1A395 /* Build configuration list for PBXProject "FructusSwiftUI" */;
			compatibilityVersion = "Xcode 14.0";
			developmentRegion = en;
			hasScannedForEncodings = 0;
			knownRegions = (
				en,
				Base,
			);
			mainGroup = FBB62A9E2A43F00100F1A395;
			productRefGroup = FBB62AA82A43F00100F1A395 /* Products */;
			projectDirPath = "";
			projectRoot = "";
			targets = (
				FBB62AA62A43F00100F1A395 /* FructusSwiftUI */,
			);
		};
/* End PBXProject section */

/* Begin PBXResourcesBuildPhase section */
		FBB62AA52A43F00100F1A395 /* Resources */ = {
			isa = PBXResourcesBuildPhase;
			buildActionMask = 2147483647;
			files = (
				FBB62AB22A43F00300F1A395 /* Preview Assets.xcassets in Resources */,
				FBB62AAF2A43F00300F1A395 /* Assets.xcassets in Resources */,
			);
			runOnlyForDeploymentPostprocessing = 0;
		};
/* End PBXResourcesBuildPhase section */

/* Begin PBXSourcesBuildPhase section */
		FBB62AA32A43F00100F1A395 /* Sources */ = {
			isa = PBXSourcesBuildPhase;
			buildActionMask = 2147483647;
			files = (
				FB9BC9962A497C1300CDCFE1 /* SettingsView.swift in Sources */,
				FBB62ABB2A44037900F1A395 /* FruitCardView.swift in Sources */,
				FBAB6D4C2A448D0500C851EE /* SourceLinkView.swift in Sources */,
				FBAB6D3C2A44374300C851EE /* StartButtonView.swift in Sources */,
				FBAB6D462A44844900C851EE /* FruitRowView.swift in Sources */,
				FB9BC9902A496D2600CDCFE1 /* FruitNutrientsView.swift in Sources */,
				FBB62AAD2A43F00100F1A395 /* ContentView.swift in Sources */,
				FBAB6D482A4487A500C851EE /* FruitDetailView.swift in Sources */,
				FBAB6D3E2A443C4700C851EE /* OnboardingView.swift in Sources */,
				FBAB6D4A2A448BB700C851EE /* FruitHeaderView.swift in Sources */,
				FBAB6D442A44422D00C851EE /* FruitsData.swift in Sources */,
				FB9BC9942A497BF300CDCFE1 /* SettingsLabelView.swift in Sources */,
				FB9BC9922A497BCE00CDCFE1 /* SettingsRowView.swift in Sources */,
				FBAB6D412A4441D700C851EE /* FruitModel.swift in Sources */,
				FBB62AAB2A43F00100F1A395 /* FructusSwiftUIApp.swift in Sources */,
			);
			runOnlyForDeploymentPostprocessing = 0;
		};
/* End PBXSourcesBuildPhase section */

/* Begin XCBuildConfiguration section */
		FBB62AB32A43F00300F1A395 /* Debug */ = {
			isa = XCBuildConfiguration;
			buildSettings = {
				ALWAYS_SEARCH_USER_PATHS = NO;
				CLANG_ANALYZER_NONNULL = YES;
				CLANG_ANALYZER_NUMBER_OBJECT_CONVERSION = YES_AGGRESSIVE;
				CLANG_CXX_LANGUAGE_STANDARD = "gnu++20";
				CLANG_ENABLE_MODULES = YES;
				CLANG_ENABLE_OBJC_ARC = YES;
				CLANG_ENABLE_OBJC_WEAK = YES;
				CLANG_WARN_BLOCK_CAPTURE_AUTORELEASING = YES;
				CLANG_WARN_BOOL_CONVERSION = YES;
				CLANG_WARN_COMMA = YES;
				CLANG_WARN_CONSTANT_CONVERSION = YES;
				CLANG_WARN_DEPRECATED_OBJC_IMPLEMENTATIONS = YES;
				CLANG_WARN_DIRECT_OBJC_ISA_USAGE = YES_ERROR;
				CLANG_WARN_DOCUMENTATION_COMMENTS = YES;
				CLANG_WARN_EMPTY_BODY = YES;
				CLANG_WARN_ENUM_CONVERSION = YES;
				CLANG_WARN_INFINITE_RECURSION = YES;
				CLANG_WARN_INT_CONVERSION = YES;
				CLANG_WARN_NON_LITERAL_NULL_CONVERSION = YES;
				CLANG_WARN_OBJC_IMPLICIT_RETAIN_SELF = YES;
				CLANG_WARN_OBJC_LITERAL_CONVERSION = YES;
				CLANG_WARN_OBJC_ROOT_CLASS = YES_ERROR;
				CLANG_WARN_QUOTED_INCLUDE_IN_FRAMEWORK_HEADER = YES;
				CLANG_WARN_RANGE_LOOP_ANALYSIS = YES;
				CLANG_WARN_STRICT_PROTOTYPES = YES;
				CLANG_WARN_SUSPICIOUS_MOVE = YES;
				CLANG_WARN_UNGUARDED_AVAILABILITY = YES_AGGRESSIVE;
				CLANG_WARN_UNREACHABLE_CODE = YES;
				CLANG_WARN__DUPLICATE_METHOD_MATCH = YES;
				COPY_PHASE_STRIP = NO;
				DEBUG_INFORMATION_FORMAT = dwarf;
				ENABLE_STRICT_OBJC_MSGSEND = YES;
				ENABLE_TESTABILITY = YES;
				GCC_C_LANGUAGE_STANDARD = gnu11;
				GCC_DYNAMIC_NO_PIC = NO;
				GCC_NO_COMMON_BLOCKS = YES;
				GCC_OPTIMIZATION_LEVEL = 0;
				GCC_PREPROCESSOR_DEFINITIONS = (
					"DEBUG=1",
					"$(inherited)",
				);
				GCC_WARN_64_TO_32_BIT_CONVERSION = YES;
				GCC_WARN_ABOUT_RETURN_TYPE = YES_ERROR;
				GCC_WARN_UNDECLARED_SELECTOR = YES;
				GCC_WARN_UNINITIALIZED_AUTOS = YES_AGGRESSIVE;
				GCC_WARN_UNUSED_FUNCTION = YES;
				GCC_WARN_UNUSED_VARIABLE = YES;
				IPHONEOS_DEPLOYMENT_TARGET = 16.4;
				MTL_ENABLE_DEBUG_INFO = INCLUDE_SOURCE;
				MTL_FAST_MATH = YES;
				ONLY_ACTIVE_ARCH = YES;
				SDKROOT = iphoneos;
				SWIFT_ACTIVE_COMPILATION_CONDITIONS = DEBUG;
				SWIFT_OPTIMIZATION_LEVEL = "-Onone";
			};
			name = Debug;
		};
		FBB62AB42A43F00300F1A395 /* Release */ = {
			isa = XCBuildConfiguration;
			buildSettings = {
				ALWAYS_SEARCH_USER_PATHS = NO;
				CLANG_ANALYZER_NONNULL = YES;
				CLANG_ANALYZER_NUMBER_OBJECT_CONVERSION = YES_AGGRESSIVE;
				CLANG_CXX_LANGUAGE_STANDARD = "gnu++20";
				CLANG_ENABLE_MODULES = YES;
				CLANG_ENABLE_OBJC_ARC = YES;
				CLANG_ENABLE_OBJC_WEAK = YES;
				CLANG_WARN_BLOCK_CAPTURE_AUTORELEASING = YES;
				CLANG_WARN_BOOL_CONVERSION = YES;
				CLANG_WARN_COMMA = YES;
				CLANG_WARN_CONSTANT_CONVERSION = YES;
				CLANG_WARN_DEPRECATED_OBJC_IMPLEMENTATIONS = YES;
				CLANG_WARN_DIRECT_OBJC_ISA_USAGE = YES_ERROR;
				CLANG_WARN_DOCUMENTATION_COMMENTS = YES;
				CLANG_WARN_EMPTY_BODY = YES;
				CLANG_WARN_ENUM_CONVERSION = YES;
				CLANG_WARN_INFINITE_RECURSION = YES;
				CLANG_WARN_INT_CONVERSION = YES;
				CLANG_WARN_NON_LITERAL_NULL_CONVERSION = YES;
				CLANG_WARN_OBJC_IMPLICIT_RETAIN_SELF = YES;
				CLANG_WARN_OBJC_LITERAL_CONVERSION = YES;
				CLANG_WARN_OBJC_ROOT_CLASS = YES_ERROR;
				CLANG_WARN_QUOTED_INCLUDE_IN_FRAMEWORK_HEADER = YES;
				CLANG_WARN_RANGE_LOOP_ANALYSIS = YES;
				CLANG_WARN_STRICT_PROTOTYPES = YES;
				CLANG_WARN_SUSPICIOUS_MOVE = YES;
				CLANG_WARN_UNGUARDED_AVAILABILITY = YES_AGGRESSIVE;
				CLANG_WARN_UNREACHABLE_CODE = YES;
				CLANG_WARN__DUPLICATE_METHOD_MATCH = YES;
				COPY_PHASE_STRIP = NO;
				DEBUG_INFORMATION_FORMAT = "dwarf-with-dsym";
				ENABLE_NS_ASSERTIONS = NO;
				ENABLE_STRICT_OBJC_MSGSEND = YES;
				GCC_C_LANGUAGE_STANDARD = gnu11;
				GCC_NO_COMMON_BLOCKS = YES;
				GCC_WARN_64_TO_32_BIT_CONVERSION = YES;
				GCC_WARN_ABOUT_RETURN_TYPE = YES_ERROR;
				GCC_WARN_UNDECLARED_SELECTOR = YES;
				GCC_WARN_UNINITIALIZED_AUTOS = YES_AGGRESSIVE;
				GCC_WARN_UNUSED_FUNCTION = YES;
				GCC_WARN_UNUSED_VARIABLE = YES;
				IPHONEOS_DEPLOYMENT_TARGET = 16.4;
				MTL_ENABLE_DEBUG_INFO = NO;
				MTL_FAST_MATH = YES;
				SDKROOT = iphoneos;
				SWIFT_COMPILATION_MODE = wholemodule;
				SWIFT_OPTIMIZATION_LEVEL = "-O";
				VALIDATE_PRODUCT = YES;
			};
			name = Release;
		};
		FBB62AB62A43F00300F1A395 /* Debug */ = {
			isa = XCBuildConfiguration;
			buildSettings = {
				ASSETCATALOG_COMPILER_APPICON_NAME = AppIcon;
				ASSETCATALOG_COMPILER_GLOBAL_ACCENT_COLOR_NAME = AccentColor;
				CODE_SIGN_STYLE = Automatic;
				CURRENT_PROJECT_VERSION = 1;
				DEVELOPMENT_ASSET_PATHS = "\"FructusSwiftUI/Preview Content\"";
				DEVELOPMENT_TEAM = 85JY49Q86S;
				ENABLE_PREVIEWS = YES;
				GENERATE_INFOPLIST_FILE = YES;
				INFOPLIST_KEY_UIApplicationSceneManifest_Generation = YES;
				INFOPLIST_KEY_UIApplicationSupportsIndirectInputEvents = YES;
				INFOPLIST_KEY_UILaunchScreen_Generation = YES;
				INFOPLIST_KEY_UISupportedInterfaceOrientations = "UIInterfaceOrientationLandscapeLeft UIInterfaceOrientationLandscapeRight UIInterfaceOrientationPortrait";
				INFOPLIST_KEY_UISupportedInterfaceOrientations_iPad = UIInterfaceOrientationPortrait;
				IPHONEOS_DEPLOYMENT_TARGET = 15.0;
				LD_RUNPATH_SEARCH_PATHS = (
					"$(inherited)",
					"@executable_path/Frameworks",
				);
				MARKETING_VERSION = 1.0;
				PRODUCT_BUNDLE_IDENTIFIER = com.papon.FructusSwiftUI;
				PRODUCT_NAME = "$(TARGET_NAME)";
				SWIFT_EMIT_LOC_STRINGS = YES;
				SWIFT_VERSION = 5.0;
				TARGETED_DEVICE_FAMILY = "1,2";
			};
			name = Debug;
		};
		FBB62AB72A43F00300F1A395 /* Release */ = {
			isa = XCBuildConfiguration;
			buildSettings = {
				ASSETCATALOG_COMPILER_APPICON_NAME = AppIcon;
				ASSETCATALOG_COMPILER_GLOBAL_ACCENT_COLOR_NAME = AccentColor;
				CODE_SIGN_STYLE = Automatic;
				CURRENT_PROJECT_VERSION = 1;
				DEVELOPMENT_ASSET_PATHS = "\"FructusSwiftUI/Preview Content\"";
				DEVELOPMENT_TEAM = 85JY49Q86S;
				ENABLE_PREVIEWS = YES;
				GENERATE_INFOPLIST_FILE = YES;
				INFOPLIST_KEY_UIApplicationSceneManifest_Generation = YES;
				INFOPLIST_KEY_UIApplicationSupportsIndirectInputEvents = YES;
				INFOPLIST_KEY_UILaunchScreen_Generation = YES;
				INFOPLIST_KEY_UISupportedInterfaceOrientations = "UIInterfaceOrientationLandscapeLeft UIInterfaceOrientationLandscapeRight UIInterfaceOrientationPortrait";
				INFOPLIST_KEY_UISupportedInterfaceOrientations_iPad = UIInterfaceOrientationPortrait;
				IPHONEOS_DEPLOYMENT_TARGET = 15.0;
				LD_RUNPATH_SEARCH_PATHS = (
					"$(inherited)",
					"@executable_path/Frameworks",
				);
				MARKETING_VERSION = 1.0;
				PRODUCT_BUNDLE_IDENTIFIER = com.papon.FructusSwiftUI;
				PRODUCT_NAME = "$(TARGET_NAME)";
				SWIFT_EMIT_LOC_STRINGS = YES;
				SWIFT_VERSION = 5.0;
				TARGETED_DEVICE_FAMILY = "1,2";
			};
			name = Release;
		};
/* End XCBuildConfiguration section */

/* Begin XCConfigurationList section */
		FBB62AA22A43F00100F1A395 /* Build configuration list for PBXProject "FructusSwiftUI" */ = {
			isa = XCConfigurationList;
			buildConfigurations = (
				FBB62AB32A43F00300F1A395 /* Debug */,
				FBB62AB42A43F00300F1A395 /* Release */,
			);
			defaultConfigurationIsVisible = 0;
			defaultConfigurationName = Release;
		};
		FBB62AB52A43F00300F1A395 /* Build configuration list for PBXNativeTarget "FructusSwiftUI" */ = {
			isa = XCConfigurationList;
			buildConfigurations = (
				FBB62AB62A43F00300F1A395 /* Debug */,
				FBB62AB72A43F00300F1A395 /* Release */,
			);
			defaultConfigurationIsVisible = 0;
			defaultConfigurationName = Release;
		};
/* End XCConfigurationList section */
	};
	rootObject = FBB62A9F2A43F00100F1A395 /* Project object */;
}
